
Microsoft Visual Studio Solution File, Format Version 12.00
# Visual Studio Version 16
VisualStudioVersion = 16.0.31624.102
MinimumVisualStudioVersion = 10.0.40219.1
Project("{FAE04EC0-301F-11D3-BF4B-00C04F79EFBC}") = "ApiDeal", "ApyDeal\ApiDeal.csproj", "{ED97409A-20B0-44D8-9606-211C9482A878}"
EndProject
Global
	GlobalSection(SolutionConfigurationPlatforms) = preSolution
		Debug|Any CPU = Debug|Any CPU
		Release|Any CPU = Release|Any CPU
	EndGlobalSection
	GlobalSection(ProjectConfigurationPlatforms) = postSolution
		{ED97409A-20B0-44D8-9606-211C9482A878}.Debug|Any CPU.ActiveCfg = Debug|Any CPU
		{ED97409A-20B0-44D8-9606-211C9482A878}.Debug|Any CPU.Build.0 = Debug|Any CPU
		{ED97409A-20B0-44D8-9606-211C9482A878}.Release|Any CPU.ActiveCfg = Release|Any CPU
		{ED97409A-20B0-44D8-9606-211C9482A878}.Release|Any CPU.Build.0 = Release|Any CPU
	EndGlobalSection
	GlobalSection(SolutionProperties) = preSolution
		HideSolutionNode = FALSE
	EndGlobalSection
	GlobalSection(ExtensibilityGlobals) = postSolution
		SolutionGuid = {73CABD32-E169-4D1A-A468-0CECDA6AE6F1}
	EndGlobalSection
	GlobalSection(TeamFoundationVersionControl) = preSolution
		SccNumberOfProjects = 1
		SccEnterpriseProvider = {4CA58AB2-18FA-4F8D-95D4-32DDF27D184C}
		SccTeamFoundationServer = https://dev.azure.com/integrosandbox
		SccLocalPath0 = .
	EndGlobalSection
EndGlobal
